github.com/yah01/cyds v0.0.0-20200322130815-f6df1a40324f h1:PBs3vavrePqejfaTkf8m7AZRtS30a/VS6TGdsfI0L4g=
github.com/yah01/cyds v0.0.0-20200322130815-f6df1a40324f/go.mod h1:hFR/NSzoGO+5HcJZsuth0LjUWLtJL6ezTA9lNwDWWhQ=
github.com/yah01/cyds v0.0.0-20200322133115-74f11b7b7555 h1:dK/uZkE02A1ZGlZuPq2m/UWlb35Tu72IKjsXv5cmjjU=
github.com/yah01/cyds v0.0.0-20200322133115-74f11b7b7555/go.mod h1:hFR/NSzoGO+5HcJZsuth0LjUWLtJL6ezTA9lNwDWWhQ=
