github.com/yah01/cyds v0.0.0-20200322133115-74f11b7b7555 h1:dK/uZkE02A1ZGlZuPq2m/UWlb35Tu72IKjsXv5cmjjU=
github.com/yah01/cyds v0.0.0-20200322133115-74f11b7b7555/go.mod h1:hFR/NSzoGO+5HcJZsuth0LjUWLtJL6ezTA9lNwDWWhQ=
github.com/yah01/cyds v0.0.0-20200322140722-a8c2a7023a4a h1:QqbUE4bG9sld28Fwi0tuXKlvp+Q3R1YKuKW5/kB82+o=
github.com/yah01/cyds v0.0.0-20200322140722-a8c2a7023a4a/go.mod h1:hFR/NSzoGO+5HcJZsuth0LjUWLtJL6ezTA9lNwDWWhQ=
